
Microsoft Visual Studio Solution File, Format Version 12.00
# Visual Studio Version 17
VisualStudioVersion = 17.9.34407.89
MinimumVisualStudioVersion = 10.0.40219.1
Project("{2150E333-8FDC-42A3-9474-1A3956D46DE8}") = "Solution Items", "Solution Items", "{054EE3ED-911E-4B2F-A524-91CF9A3335F2}"
	ProjectSection(SolutionItems) = preProject
		Directory.Build.props = Directory.Build.props
		docker-compose.yml = docker-compose.yml
		README.md = README.md
	EndProjectSection
EndProject
Project("{9A19103F-16F7-4668-BE54-9A1E7A4F7556}") = "TFA.Storage", "TFA.Storage\TFA.Storage.csproj", "{DF334ED2-C067-4CA7-8115-1699C75946EE}"
EndProject
Project("{9A19103F-16F7-4668-BE54-9A1E7A4F7556}") = "TFA.Domain", "TFA.Domain\TFA.Domain.csproj", "{5DDD6FB8-5D8B-41A2-BC64-7F5C65DFC0BD}"
EndProject
Project("{9A19103F-16F7-4668-BE54-9A1E7A4F7556}") = "TFA.API", "TFA.API\TFA.API.csproj", "{9B6E963B-5885-4711-9BD7-D42481E51700}"
EndProject
Project("{9A19103F-16F7-4668-BE54-9A1E7A4F7556}") = "TFA.Domain.Tests", "TFA.Domain.Tests\TFA.Domain.Tests.csproj", "{1F3DFCB8-8985-4E5B-9B50-686A2560247B}"
EndProject
Project("{9A19103F-16F7-4668-BE54-9A1E7A4F7556}") = "TFA.Domain.DependencyInjection", "TFA.Domain.DependencyInjection\TFA.Domain.DependencyInjection.csproj", "{8F554998-31E5-4906-AE1A-4FD1E0B5D2AE}"
EndProject
Project("{9A19103F-16F7-4668-BE54-9A1E7A4F7556}") = "TFA.Storage.DependencyInjection", "TFA.Storage.DependencyInjection\TFA.Storage.DependencyInjection.csproj", "{73B71DC4-DE14-4905-BB39-489C0CC6E011}"
EndProject
Project("{FAE04EC0-301F-11D3-BF4B-00C04F79EFBC}") = "TFA.E2E", "TFA.E2E\TFA.E2E.csproj", "{4D3913A9-AC27-46EE-915A-52DA27232B6A}"
EndProject
Global
	GlobalSection(SolutionConfigurationPlatforms) = preSolution
		Debug|Any CPU = Debug|Any CPU
		Release|Any CPU = Release|Any CPU
	EndGlobalSection
	GlobalSection(ProjectConfigurationPlatforms) = postSolution
		{DF334ED2-C067-4CA7-8115-1699C75946EE}.Debug|Any CPU.ActiveCfg = Debug|Any CPU
		{DF334ED2-C067-4CA7-8115-1699C75946EE}.Debug|Any CPU.Build.0 = Debug|Any CPU
		{DF334ED2-C067-4CA7-8115-1699C75946EE}.Release|Any CPU.ActiveCfg = Release|Any CPU
		{DF334ED2-C067-4CA7-8115-1699C75946EE}.Release|Any CPU.Build.0 = Release|Any CPU
		{5DDD6FB8-5D8B-41A2-BC64-7F5C65DFC0BD}.Debug|Any CPU.ActiveCfg = Debug|Any CPU
		{5DDD6FB8-5D8B-41A2-BC64-7F5C65DFC0BD}.Debug|Any CPU.Build.0 = Debug|Any CPU
		{5DDD6FB8-5D8B-41A2-BC64-7F5C65DFC0BD}.Release|Any CPU.ActiveCfg = Release|Any CPU
		{5DDD6FB8-5D8B-41A2-BC64-7F5C65DFC0BD}.Release|Any CPU.Build.0 = Release|Any CPU
		{9B6E963B-5885-4711-9BD7-D42481E51700}.Debug|Any CPU.ActiveCfg = Debug|Any CPU
		{9B6E963B-5885-4711-9BD7-D42481E51700}.Debug|Any CPU.Build.0 = Debug|Any CPU
		{9B6E963B-5885-4711-9BD7-D42481E51700}.Release|Any CPU.ActiveCfg = Release|Any CPU
		{9B6E963B-5885-4711-9BD7-D42481E51700}.Release|Any CPU.Build.0 = Release|Any CPU
		{1F3DFCB8-8985-4E5B-9B50-686A2560247B}.Debug|Any CPU.ActiveCfg = Debug|Any CPU
		{1F3DFCB8-8985-4E5B-9B50-686A2560247B}.Debug|Any CPU.Build.0 = Debug|Any CPU
		{1F3DFCB8-8985-4E5B-9B50-686A2560247B}.Release|Any CPU.ActiveCfg = Release|Any CPU
		{1F3DFCB8-8985-4E5B-9B50-686A2560247B}.Release|Any CPU.Build.0 = Release|Any CPU
		{8F554998-31E5-4906-AE1A-4FD1E0B5D2AE}.Debug|Any CPU.ActiveCfg = Debug|Any CPU
		{8F554998-31E5-4906-AE1A-4FD1E0B5D2AE}.Debug|Any CPU.Build.0 = Debug|Any CPU
		{8F554998-31E5-4906-AE1A-4FD1E0B5D2AE}.Release|Any CPU.ActiveCfg = Release|Any CPU
		{8F554998-31E5-4906-AE1A-4FD1E0B5D2AE}.Release|Any CPU.Build.0 = Release|Any CPU
		{73B71DC4-DE14-4905-BB39-489C0CC6E011}.Debug|Any CPU.ActiveCfg = Debug|Any CPU
		{73B71DC4-DE14-4905-BB39-489C0CC6E011}.Debug|Any CPU.Build.0 = Debug|Any CPU
		{73B71DC4-DE14-4905-BB39-489C0CC6E011}.Release|Any CPU.ActiveCfg = Release|Any CPU
		{73B71DC4-DE14-4905-BB39-489C0CC6E011}.Release|Any CPU.Build.0 = Release|Any CPU
		{4D3913A9-AC27-46EE-915A-52DA27232B6A}.Debug|Any CPU.ActiveCfg = Debug|Any CPU
		{4D3913A9-AC27-46EE-915A-52DA27232B6A}.Debug|Any CPU.Build.0 = Debug|Any CPU
		{4D3913A9-AC27-46EE-915A-52DA27232B6A}.Release|Any CPU.ActiveCfg = Release|Any CPU
		{4D3913A9-AC27-46EE-915A-52DA27232B6A}.Release|Any CPU.Build.0 = Release|Any CPU
	EndGlobalSection
	GlobalSection(SolutionProperties) = preSolution
		HideSolutionNode = FALSE
	EndGlobalSection
	GlobalSection(ExtensibilityGlobals) = postSolution
		SolutionGuid = {8BB9B783-806A-4D4F-B5E1-E6D8A64C7492}
	EndGlobalSection
EndGlobal
