
Microsoft Visual Studio Solution File, Format Version 12.00
# Visual Studio Version 17
VisualStudioVersion = 17.9.34407.89
MinimumVisualStudioVersion = 10.0.40219.1
Project("{2150E333-8FDC-42A3-9474-1A3956D46DE8}") = "Solution Items", "Solution Items", "{054EE3ED-911E-4B2F-A524-91CF9A3335F2}"
	ProjectSection(SolutionItems) = preProject
		.dockerignore = .dockerignore
		Directory.Build.props = Directory.Build.props
		docker-compose.yml = docker-compose.yml
		Dockerfile = Dockerfile
		loki-config.yml = loki-config.yml
		prometheus.yml = prometheus.yml
		README.md = README.md
	EndProjectSection
EndProject
Project("{9A19103F-16F7-4668-BE54-9A1E7A4F7556}") = "TFA.Forum.Storage", "TFA.Storage\TFA.Forum.Storage.csproj", "{DF334ED2-C067-4CA7-8115-1699C75946EE}"
EndProject
Project("{9A19103F-16F7-4668-BE54-9A1E7A4F7556}") = "TFA.Forum.Domain", "TFA.Domain\TFA.Forum.Domain.csproj", "{5DDD6FB8-5D8B-41A2-BC64-7F5C65DFC0BD}"
EndProject
Project("{9A19103F-16F7-4668-BE54-9A1E7A4F7556}") = "TFA.API", "TFA.API\TFA.API.csproj", "{9B6E963B-5885-4711-9BD7-D42481E51700}"
EndProject
Project("{9A19103F-16F7-4668-BE54-9A1E7A4F7556}") = "TFA.Forum.Domain.Tests", "TFA.Domain.Tests\TFA.Forum.Domain.Tests.csproj", "{1F3DFCB8-8985-4E5B-9B50-686A2560247B}"
EndProject
Project("{9A19103F-16F7-4668-BE54-9A1E7A4F7556}") = "TFA.Forum.Domain.DependencyInjection", "TFA.Domain.DependencyInjection\TFA.Forum.Domain.DependencyInjection.csproj", "{8F554998-31E5-4906-AE1A-4FD1E0B5D2AE}"
EndProject
Project("{9A19103F-16F7-4668-BE54-9A1E7A4F7556}") = "TFA.Forum.Storage.DependencyInjection", "TFA.Storage.DependencyInjection\TFA.Forum.Storage.DependencyInjection.csproj", "{73B71DC4-DE14-4905-BB39-489C0CC6E011}"
EndProject
Project("{9A19103F-16F7-4668-BE54-9A1E7A4F7556}") = "TFA.Forum.E2E", "TFA.E2E\TFA.Forum.E2E.csproj", "{4D3913A9-AC27-46EE-915A-52DA27232B6A}"
EndProject
Project("{9A19103F-16F7-4668-BE54-9A1E7A4F7556}") = "TFA.Forum.Storage.Tests", "TFA.Storage.Tests\TFA.Forum.Storage.Tests.csproj", "{2CDE78FE-6E18-47AD-8AFD-012613731FD9}"
EndProject
Project("{2150E333-8FDC-42A3-9474-1A3956D46DE8}") = "kafka-connect", "kafka-connect", "{CCAC3DF6-F419-4641-ABD2-600DD5DFFD0C}"
	ProjectSection(SolutionItems) = preProject
		kafka-connect\.dockerignore = kafka-connect\.dockerignore
		kafka-connect\Dockerfile = kafka-connect\Dockerfile
		kafka-connect\tfa-source-connector.properties = kafka-connect\tfa-source-connector.properties
		kafka-connect\worker.properties = kafka-connect\worker.properties
	EndProjectSection
EndProject
Project("{2150E333-8FDC-42A3-9474-1A3956D46DE8}") = "TFA.Forum", "TFA.Forum", "{33F80209-0C57-4B77-A6C4-35478FB3D276}"
EndProject
Project("{2150E333-8FDC-42A3-9474-1A3956D46DE8}") = "TFA.Search", "TFA.Search", "{47A845FD-3246-4D98-8162-13D94F0A3B03}"
EndProject
Project("{9A19103F-16F7-4668-BE54-9A1E7A4F7556}") = "TFA.Search.API", "TFA.Search.API\TFA.Search.API.csproj", "{9CC87CAD-B097-44A9-B8E4-EF830BC8C80A}"
EndProject
Project("{9A19103F-16F7-4668-BE54-9A1E7A4F7556}") = "TFA.Search.Domain", "TFA.Search.Domain\TFA.Search.Domain.csproj", "{6F907217-B24F-4DC7-9AF2-E753BAFDFF1C}"
EndProject
Project("{9A19103F-16F7-4668-BE54-9A1E7A4F7556}") = "TFA.Search.Storage", "TFA.Search.Storage\TFA.Search.Storage.csproj", "{1E84FCD1-9805-40A7-9C4C-BB09DE01B82D}"
EndProject
Project("{9A19103F-16F7-4668-BE54-9A1E7A4F7556}") = "TFA.Search.Domain.DependencyInjection", "TFA.Search.Domain.DependencyInjection\TFA.Search.Domain.DependencyInjection.csproj", "{88709AEF-8C0B-4842-9DB1-1B08BCBF8CEA}"
EndProject
Project("{9A19103F-16F7-4668-BE54-9A1E7A4F7556}") = "TFA.Search.Storage.DependencyInjection", "TFA.Search.Storage.DependencyInjection\TFA.Search.Storage.DependencyInjection.csproj", "{1500895B-ABF0-4BC8-9591-7C2C13FCD0B3}"
EndProject
Project("{9A19103F-16F7-4668-BE54-9A1E7A4F7556}") = "TFA.Search.ForumConsumer", "TFA.Search.ForumConsumer\TFA.Search.ForumConsumer.csproj", "{C78F4D9F-26D3-4DC8-BC2D-6FBCE27E649B}"
EndProject
Global
	GlobalSection(SolutionConfigurationPlatforms) = preSolution
		Debug|Any CPU = Debug|Any CPU
		Debug|ARM = Debug|ARM
		Debug|ARM64 = Debug|ARM64
		Debug|x64 = Debug|x64
		Debug|x86 = Debug|x86
		Release|Any CPU = Release|Any CPU
		Release|ARM = Release|ARM
		Release|ARM64 = Release|ARM64
		Release|x64 = Release|x64
		Release|x86 = Release|x86
	EndGlobalSection
	GlobalSection(ProjectConfigurationPlatforms) = postSolution
		{DF334ED2-C067-4CA7-8115-1699C75946EE}.Debug|Any CPU.ActiveCfg = Debug|Any CPU
		{DF334ED2-C067-4CA7-8115-1699C75946EE}.Debug|Any CPU.Build.0 = Debug|Any CPU
		{DF334ED2-C067-4CA7-8115-1699C75946EE}.Debug|ARM.ActiveCfg = Debug|Any CPU
		{DF334ED2-C067-4CA7-8115-1699C75946EE}.Debug|ARM.Build.0 = Debug|Any CPU
		{DF334ED2-C067-4CA7-8115-1699C75946EE}.Debug|ARM64.ActiveCfg = Debug|Any CPU
		{DF334ED2-C067-4CA7-8115-1699C75946EE}.Debug|ARM64.Build.0 = Debug|Any CPU
		{DF334ED2-C067-4CA7-8115-1699C75946EE}.Debug|x64.ActiveCfg = Debug|Any CPU
		{DF334ED2-C067-4CA7-8115-1699C75946EE}.Debug|x64.Build.0 = Debug|Any CPU
		{DF334ED2-C067-4CA7-8115-1699C75946EE}.Debug|x86.ActiveCfg = Debug|Any CPU
		{DF334ED2-C067-4CA7-8115-1699C75946EE}.Debug|x86.Build.0 = Debug|Any CPU
		{DF334ED2-C067-4CA7-8115-1699C75946EE}.Release|Any CPU.ActiveCfg = Release|Any CPU
		{DF334ED2-C067-4CA7-8115-1699C75946EE}.Release|Any CPU.Build.0 = Release|Any CPU
		{DF334ED2-C067-4CA7-8115-1699C75946EE}.Release|ARM.ActiveCfg = Release|Any CPU
		{DF334ED2-C067-4CA7-8115-1699C75946EE}.Release|ARM.Build.0 = Release|Any CPU
		{DF334ED2-C067-4CA7-8115-1699C75946EE}.Release|ARM64.ActiveCfg = Release|Any CPU
		{DF334ED2-C067-4CA7-8115-1699C75946EE}.Release|ARM64.Build.0 = Release|Any CPU
		{DF334ED2-C067-4CA7-8115-1699C75946EE}.Release|x64.ActiveCfg = Release|Any CPU
		{DF334ED2-C067-4CA7-8115-1699C75946EE}.Release|x64.Build.0 = Release|Any CPU
		{DF334ED2-C067-4CA7-8115-1699C75946EE}.Release|x86.ActiveCfg = Release|Any CPU
		{DF334ED2-C067-4CA7-8115-1699C75946EE}.Release|x86.Build.0 = Release|Any CPU
		{5DDD6FB8-5D8B-41A2-BC64-7F5C65DFC0BD}.Debug|Any CPU.ActiveCfg = Debug|Any CPU
		{5DDD6FB8-5D8B-41A2-BC64-7F5C65DFC0BD}.Debug|Any CPU.Build.0 = Debug|Any CPU
		{5DDD6FB8-5D8B-41A2-BC64-7F5C65DFC0BD}.Debug|ARM.ActiveCfg = Debug|Any CPU
		{5DDD6FB8-5D8B-41A2-BC64-7F5C65DFC0BD}.Debug|ARM.Build.0 = Debug|Any CPU
		{5DDD6FB8-5D8B-41A2-BC64-7F5C65DFC0BD}.Debug|ARM64.ActiveCfg = Debug|Any CPU
		{5DDD6FB8-5D8B-41A2-BC64-7F5C65DFC0BD}.Debug|ARM64.Build.0 = Debug|Any CPU
		{5DDD6FB8-5D8B-41A2-BC64-7F5C65DFC0BD}.Debug|x64.ActiveCfg = Debug|Any CPU
		{5DDD6FB8-5D8B-41A2-BC64-7F5C65DFC0BD}.Debug|x64.Build.0 = Debug|Any CPU
		{5DDD6FB8-5D8B-41A2-BC64-7F5C65DFC0BD}.Debug|x86.ActiveCfg = Debug|Any CPU
		{5DDD6FB8-5D8B-41A2-BC64-7F5C65DFC0BD}.Debug|x86.Build.0 = Debug|Any CPU
		{5DDD6FB8-5D8B-41A2-BC64-7F5C65DFC0BD}.Release|Any CPU.ActiveCfg = Release|Any CPU
		{5DDD6FB8-5D8B-41A2-BC64-7F5C65DFC0BD}.Release|Any CPU.Build.0 = Release|Any CPU
		{5DDD6FB8-5D8B-41A2-BC64-7F5C65DFC0BD}.Release|ARM.ActiveCfg = Release|Any CPU
		{5DDD6FB8-5D8B-41A2-BC64-7F5C65DFC0BD}.Release|ARM.Build.0 = Release|Any CPU
		{5DDD6FB8-5D8B-41A2-BC64-7F5C65DFC0BD}.Release|ARM64.ActiveCfg = Release|Any CPU
		{5DDD6FB8-5D8B-41A2-BC64-7F5C65DFC0BD}.Release|ARM64.Build.0 = Release|Any CPU
		{5DDD6FB8-5D8B-41A2-BC64-7F5C65DFC0BD}.Release|x64.ActiveCfg = Release|Any CPU
		{5DDD6FB8-5D8B-41A2-BC64-7F5C65DFC0BD}.Release|x64.Build.0 = Release|Any CPU
		{5DDD6FB8-5D8B-41A2-BC64-7F5C65DFC0BD}.Release|x86.ActiveCfg = Release|Any CPU
		{5DDD6FB8-5D8B-41A2-BC64-7F5C65DFC0BD}.Release|x86.Build.0 = Release|Any CPU
		{9B6E963B-5885-4711-9BD7-D42481E51700}.Debug|Any CPU.ActiveCfg = Debug|Any CPU
		{9B6E963B-5885-4711-9BD7-D42481E51700}.Debug|Any CPU.Build.0 = Debug|Any CPU
		{9B6E963B-5885-4711-9BD7-D42481E51700}.Debug|ARM.ActiveCfg = Debug|Any CPU
		{9B6E963B-5885-4711-9BD7-D42481E51700}.Debug|ARM.Build.0 = Debug|Any CPU
		{9B6E963B-5885-4711-9BD7-D42481E51700}.Debug|ARM64.ActiveCfg = Debug|Any CPU
		{9B6E963B-5885-4711-9BD7-D42481E51700}.Debug|ARM64.Build.0 = Debug|Any CPU
		{9B6E963B-5885-4711-9BD7-D42481E51700}.Debug|x64.ActiveCfg = Debug|Any CPU
		{9B6E963B-5885-4711-9BD7-D42481E51700}.Debug|x64.Build.0 = Debug|Any CPU
		{9B6E963B-5885-4711-9BD7-D42481E51700}.Debug|x86.ActiveCfg = Debug|Any CPU
		{9B6E963B-5885-4711-9BD7-D42481E51700}.Debug|x86.Build.0 = Debug|Any CPU
		{9B6E963B-5885-4711-9BD7-D42481E51700}.Release|Any CPU.ActiveCfg = Release|Any CPU
		{9B6E963B-5885-4711-9BD7-D42481E51700}.Release|Any CPU.Build.0 = Release|Any CPU
		{9B6E963B-5885-4711-9BD7-D42481E51700}.Release|ARM.ActiveCfg = Release|Any CPU
		{9B6E963B-5885-4711-9BD7-D42481E51700}.Release|ARM.Build.0 = Release|Any CPU
		{9B6E963B-5885-4711-9BD7-D42481E51700}.Release|ARM64.ActiveCfg = Release|Any CPU
		{9B6E963B-5885-4711-9BD7-D42481E51700}.Release|ARM64.Build.0 = Release|Any CPU
		{9B6E963B-5885-4711-9BD7-D42481E51700}.Release|x64.ActiveCfg = Release|Any CPU
		{9B6E963B-5885-4711-9BD7-D42481E51700}.Release|x64.Build.0 = Release|Any CPU
		{9B6E963B-5885-4711-9BD7-D42481E51700}.Release|x86.ActiveCfg = Release|Any CPU
		{9B6E963B-5885-4711-9BD7-D42481E51700}.Release|x86.Build.0 = Release|Any CPU
		{1F3DFCB8-8985-4E5B-9B50-686A2560247B}.Debug|Any CPU.ActiveCfg = Debug|Any CPU
		{1F3DFCB8-8985-4E5B-9B50-686A2560247B}.Debug|Any CPU.Build.0 = Debug|Any CPU
		{1F3DFCB8-8985-4E5B-9B50-686A2560247B}.Debug|ARM.ActiveCfg = Debug|Any CPU
		{1F3DFCB8-8985-4E5B-9B50-686A2560247B}.Debug|ARM.Build.0 = Debug|Any CPU
		{1F3DFCB8-8985-4E5B-9B50-686A2560247B}.Debug|ARM64.ActiveCfg = Debug|Any CPU
		{1F3DFCB8-8985-4E5B-9B50-686A2560247B}.Debug|ARM64.Build.0 = Debug|Any CPU
		{1F3DFCB8-8985-4E5B-9B50-686A2560247B}.Debug|x64.ActiveCfg = Debug|Any CPU
		{1F3DFCB8-8985-4E5B-9B50-686A2560247B}.Debug|x64.Build.0 = Debug|Any CPU
		{1F3DFCB8-8985-4E5B-9B50-686A2560247B}.Debug|x86.ActiveCfg = Debug|Any CPU
		{1F3DFCB8-8985-4E5B-9B50-686A2560247B}.Debug|x86.Build.0 = Debug|Any CPU
		{1F3DFCB8-8985-4E5B-9B50-686A2560247B}.Release|Any CPU.ActiveCfg = Release|Any CPU
		{1F3DFCB8-8985-4E5B-9B50-686A2560247B}.Release|Any CPU.Build.0 = Release|Any CPU
		{1F3DFCB8-8985-4E5B-9B50-686A2560247B}.Release|ARM.ActiveCfg = Release|Any CPU
		{1F3DFCB8-8985-4E5B-9B50-686A2560247B}.Release|ARM.Build.0 = Release|Any CPU
		{1F3DFCB8-8985-4E5B-9B50-686A2560247B}.Release|ARM64.ActiveCfg = Release|Any CPU
		{1F3DFCB8-8985-4E5B-9B50-686A2560247B}.Release|ARM64.Build.0 = Release|Any CPU
		{1F3DFCB8-8985-4E5B-9B50-686A2560247B}.Release|x64.ActiveCfg = Release|Any CPU
		{1F3DFCB8-8985-4E5B-9B50-686A2560247B}.Release|x64.Build.0 = Release|Any CPU
		{1F3DFCB8-8985-4E5B-9B50-686A2560247B}.Release|x86.ActiveCfg = Release|Any CPU
		{1F3DFCB8-8985-4E5B-9B50-686A2560247B}.Release|x86.Build.0 = Release|Any CPU
		{8F554998-31E5-4906-AE1A-4FD1E0B5D2AE}.Debug|Any CPU.ActiveCfg = Debug|Any CPU
		{8F554998-31E5-4906-AE1A-4FD1E0B5D2AE}.Debug|Any CPU.Build.0 = Debug|Any CPU
		{8F554998-31E5-4906-AE1A-4FD1E0B5D2AE}.Debug|ARM.ActiveCfg = Debug|Any CPU
		{8F554998-31E5-4906-AE1A-4FD1E0B5D2AE}.Debug|ARM.Build.0 = Debug|Any CPU
		{8F554998-31E5-4906-AE1A-4FD1E0B5D2AE}.Debug|ARM64.ActiveCfg = Debug|Any CPU
		{8F554998-31E5-4906-AE1A-4FD1E0B5D2AE}.Debug|ARM64.Build.0 = Debug|Any CPU
		{8F554998-31E5-4906-AE1A-4FD1E0B5D2AE}.Debug|x64.ActiveCfg = Debug|Any CPU
		{8F554998-31E5-4906-AE1A-4FD1E0B5D2AE}.Debug|x64.Build.0 = Debug|Any CPU
		{8F554998-31E5-4906-AE1A-4FD1E0B5D2AE}.Debug|x86.ActiveCfg = Debug|Any CPU
		{8F554998-31E5-4906-AE1A-4FD1E0B5D2AE}.Debug|x86.Build.0 = Debug|Any CPU
		{8F554998-31E5-4906-AE1A-4FD1E0B5D2AE}.Release|Any CPU.ActiveCfg = Release|Any CPU
		{8F554998-31E5-4906-AE1A-4FD1E0B5D2AE}.Release|Any CPU.Build.0 = Release|Any CPU
		{8F554998-31E5-4906-AE1A-4FD1E0B5D2AE}.Release|ARM.ActiveCfg = Release|Any CPU
		{8F554998-31E5-4906-AE1A-4FD1E0B5D2AE}.Release|ARM.Build.0 = Release|Any CPU
		{8F554998-31E5-4906-AE1A-4FD1E0B5D2AE}.Release|ARM64.ActiveCfg = Release|Any CPU
		{8F554998-31E5-4906-AE1A-4FD1E0B5D2AE}.Release|ARM64.Build.0 = Release|Any CPU
		{8F554998-31E5-4906-AE1A-4FD1E0B5D2AE}.Release|x64.ActiveCfg = Release|Any CPU
		{8F554998-31E5-4906-AE1A-4FD1E0B5D2AE}.Release|x64.Build.0 = Release|Any CPU
		{8F554998-31E5-4906-AE1A-4FD1E0B5D2AE}.Release|x86.ActiveCfg = Release|Any CPU
		{8F554998-31E5-4906-AE1A-4FD1E0B5D2AE}.Release|x86.Build.0 = Release|Any CPU
		{73B71DC4-DE14-4905-BB39-489C0CC6E011}.Debug|Any CPU.ActiveCfg = Debug|Any CPU
		{73B71DC4-DE14-4905-BB39-489C0CC6E011}.Debug|Any CPU.Build.0 = Debug|Any CPU
		{73B71DC4-DE14-4905-BB39-489C0CC6E011}.Debug|ARM.ActiveCfg = Debug|Any CPU
		{73B71DC4-DE14-4905-BB39-489C0CC6E011}.Debug|ARM.Build.0 = Debug|Any CPU
		{73B71DC4-DE14-4905-BB39-489C0CC6E011}.Debug|ARM64.ActiveCfg = Debug|Any CPU
		{73B71DC4-DE14-4905-BB39-489C0CC6E011}.Debug|ARM64.Build.0 = Debug|Any CPU
		{73B71DC4-DE14-4905-BB39-489C0CC6E011}.Debug|x64.ActiveCfg = Debug|Any CPU
		{73B71DC4-DE14-4905-BB39-489C0CC6E011}.Debug|x64.Build.0 = Debug|Any CPU
		{73B71DC4-DE14-4905-BB39-489C0CC6E011}.Debug|x86.ActiveCfg = Debug|Any CPU
		{73B71DC4-DE14-4905-BB39-489C0CC6E011}.Debug|x86.Build.0 = Debug|Any CPU
		{73B71DC4-DE14-4905-BB39-489C0CC6E011}.Release|Any CPU.ActiveCfg = Release|Any CPU
		{73B71DC4-DE14-4905-BB39-489C0CC6E011}.Release|Any CPU.Build.0 = Release|Any CPU
		{73B71DC4-DE14-4905-BB39-489C0CC6E011}.Release|ARM.ActiveCfg = Release|Any CPU
		{73B71DC4-DE14-4905-BB39-489C0CC6E011}.Release|ARM.Build.0 = Release|Any CPU
		{73B71DC4-DE14-4905-BB39-489C0CC6E011}.Release|ARM64.ActiveCfg = Release|Any CPU
		{73B71DC4-DE14-4905-BB39-489C0CC6E011}.Release|ARM64.Build.0 = Release|Any CPU
		{73B71DC4-DE14-4905-BB39-489C0CC6E011}.Release|x64.ActiveCfg = Release|Any CPU
		{73B71DC4-DE14-4905-BB39-489C0CC6E011}.Release|x64.Build.0 = Release|Any CPU
		{73B71DC4-DE14-4905-BB39-489C0CC6E011}.Release|x86.ActiveCfg = Release|Any CPU
		{73B71DC4-DE14-4905-BB39-489C0CC6E011}.Release|x86.Build.0 = Release|Any CPU
		{4D3913A9-AC27-46EE-915A-52DA27232B6A}.Debug|Any CPU.ActiveCfg = Debug|Any CPU
		{4D3913A9-AC27-46EE-915A-52DA27232B6A}.Debug|Any CPU.Build.0 = Debug|Any CPU
		{4D3913A9-AC27-46EE-915A-52DA27232B6A}.Debug|ARM.ActiveCfg = Debug|Any CPU
		{4D3913A9-AC27-46EE-915A-52DA27232B6A}.Debug|ARM.Build.0 = Debug|Any CPU
		{4D3913A9-AC27-46EE-915A-52DA27232B6A}.Debug|ARM64.ActiveCfg = Debug|Any CPU
		{4D3913A9-AC27-46EE-915A-52DA27232B6A}.Debug|ARM64.Build.0 = Debug|Any CPU
		{4D3913A9-AC27-46EE-915A-52DA27232B6A}.Debug|x64.ActiveCfg = Debug|Any CPU
		{4D3913A9-AC27-46EE-915A-52DA27232B6A}.Debug|x64.Build.0 = Debug|Any CPU
		{4D3913A9-AC27-46EE-915A-52DA27232B6A}.Debug|x86.ActiveCfg = Debug|Any CPU
		{4D3913A9-AC27-46EE-915A-52DA27232B6A}.Debug|x86.Build.0 = Debug|Any CPU
		{4D3913A9-AC27-46EE-915A-52DA27232B6A}.Release|Any CPU.ActiveCfg = Release|Any CPU
		{4D3913A9-AC27-46EE-915A-52DA27232B6A}.Release|Any CPU.Build.0 = Release|Any CPU
		{4D3913A9-AC27-46EE-915A-52DA27232B6A}.Release|ARM.ActiveCfg = Release|Any CPU
		{4D3913A9-AC27-46EE-915A-52DA27232B6A}.Release|ARM.Build.0 = Release|Any CPU
		{4D3913A9-AC27-46EE-915A-52DA27232B6A}.Release|ARM64.ActiveCfg = Release|Any CPU
		{4D3913A9-AC27-46EE-915A-52DA27232B6A}.Release|ARM64.Build.0 = Release|Any CPU
		{4D3913A9-AC27-46EE-915A-52DA27232B6A}.Release|x64.ActiveCfg = Release|Any CPU
		{4D3913A9-AC27-46EE-915A-52DA27232B6A}.Release|x64.Build.0 = Release|Any CPU
		{4D3913A9-AC27-46EE-915A-52DA27232B6A}.Release|x86.ActiveCfg = Release|Any CPU
		{4D3913A9-AC27-46EE-915A-52DA27232B6A}.Release|x86.Build.0 = Release|Any CPU
		{2CDE78FE-6E18-47AD-8AFD-012613731FD9}.Debug|Any CPU.ActiveCfg = Debug|Any CPU
		{2CDE78FE-6E18-47AD-8AFD-012613731FD9}.Debug|Any CPU.Build.0 = Debug|Any CPU
		{2CDE78FE-6E18-47AD-8AFD-012613731FD9}.Debug|ARM.ActiveCfg = Debug|Any CPU
		{2CDE78FE-6E18-47AD-8AFD-012613731FD9}.Debug|ARM.Build.0 = Debug|Any CPU
		{2CDE78FE-6E18-47AD-8AFD-012613731FD9}.Debug|ARM64.ActiveCfg = Debug|Any CPU
		{2CDE78FE-6E18-47AD-8AFD-012613731FD9}.Debug|ARM64.Build.0 = Debug|Any CPU
		{2CDE78FE-6E18-47AD-8AFD-012613731FD9}.Debug|x64.ActiveCfg = Debug|Any CPU
		{2CDE78FE-6E18-47AD-8AFD-012613731FD9}.Debug|x64.Build.0 = Debug|Any CPU
		{2CDE78FE-6E18-47AD-8AFD-012613731FD9}.Debug|x86.ActiveCfg = Debug|Any CPU
		{2CDE78FE-6E18-47AD-8AFD-012613731FD9}.Debug|x86.Build.0 = Debug|Any CPU
		{2CDE78FE-6E18-47AD-8AFD-012613731FD9}.Release|Any CPU.ActiveCfg = Release|Any CPU
		{2CDE78FE-6E18-47AD-8AFD-012613731FD9}.Release|Any CPU.Build.0 = Release|Any CPU
		{2CDE78FE-6E18-47AD-8AFD-012613731FD9}.Release|ARM.ActiveCfg = Release|Any CPU
		{2CDE78FE-6E18-47AD-8AFD-012613731FD9}.Release|ARM.Build.0 = Release|Any CPU
		{2CDE78FE-6E18-47AD-8AFD-012613731FD9}.Release|ARM64.ActiveCfg = Release|Any CPU
		{2CDE78FE-6E18-47AD-8AFD-012613731FD9}.Release|ARM64.Build.0 = Release|Any CPU
		{2CDE78FE-6E18-47AD-8AFD-012613731FD9}.Release|x64.ActiveCfg = Release|Any CPU
		{2CDE78FE-6E18-47AD-8AFD-012613731FD9}.Release|x64.Build.0 = Release|Any CPU
		{2CDE78FE-6E18-47AD-8AFD-012613731FD9}.Release|x86.ActiveCfg = Release|Any CPU
		{2CDE78FE-6E18-47AD-8AFD-012613731FD9}.Release|x86.Build.0 = Release|Any CPU
		{9CC87CAD-B097-44A9-B8E4-EF830BC8C80A}.Debug|Any CPU.ActiveCfg = Debug|Any CPU
		{9CC87CAD-B097-44A9-B8E4-EF830BC8C80A}.Debug|Any CPU.Build.0 = Debug|Any CPU
		{9CC87CAD-B097-44A9-B8E4-EF830BC8C80A}.Debug|ARM.ActiveCfg = Debug|Any CPU
		{9CC87CAD-B097-44A9-B8E4-EF830BC8C80A}.Debug|ARM.Build.0 = Debug|Any CPU
		{9CC87CAD-B097-44A9-B8E4-EF830BC8C80A}.Debug|ARM64.ActiveCfg = Debug|Any CPU
		{9CC87CAD-B097-44A9-B8E4-EF830BC8C80A}.Debug|ARM64.Build.0 = Debug|Any CPU
		{9CC87CAD-B097-44A9-B8E4-EF830BC8C80A}.Debug|x64.ActiveCfg = Debug|Any CPU
		{9CC87CAD-B097-44A9-B8E4-EF830BC8C80A}.Debug|x64.Build.0 = Debug|Any CPU
		{9CC87CAD-B097-44A9-B8E4-EF830BC8C80A}.Debug|x86.ActiveCfg = Debug|Any CPU
		{9CC87CAD-B097-44A9-B8E4-EF830BC8C80A}.Debug|x86.Build.0 = Debug|Any CPU
		{9CC87CAD-B097-44A9-B8E4-EF830BC8C80A}.Release|Any CPU.ActiveCfg = Release|Any CPU
		{9CC87CAD-B097-44A9-B8E4-EF830BC8C80A}.Release|Any CPU.Build.0 = Release|Any CPU
		{9CC87CAD-B097-44A9-B8E4-EF830BC8C80A}.Release|ARM.ActiveCfg = Release|Any CPU
		{9CC87CAD-B097-44A9-B8E4-EF830BC8C80A}.Release|ARM.Build.0 = Release|Any CPU
		{9CC87CAD-B097-44A9-B8E4-EF830BC8C80A}.Release|ARM64.ActiveCfg = Release|Any CPU
		{9CC87CAD-B097-44A9-B8E4-EF830BC8C80A}.Release|ARM64.Build.0 = Release|Any CPU
		{9CC87CAD-B097-44A9-B8E4-EF830BC8C80A}.Release|x64.ActiveCfg = Release|Any CPU
		{9CC87CAD-B097-44A9-B8E4-EF830BC8C80A}.Release|x64.Build.0 = Release|Any CPU
		{9CC87CAD-B097-44A9-B8E4-EF830BC8C80A}.Release|x86.ActiveCfg = Release|Any CPU
		{9CC87CAD-B097-44A9-B8E4-EF830BC8C80A}.Release|x86.Build.0 = Release|Any CPU
		{6F907217-B24F-4DC7-9AF2-E753BAFDFF1C}.Debug|Any CPU.ActiveCfg = Debug|Any CPU
		{6F907217-B24F-4DC7-9AF2-E753BAFDFF1C}.Debug|Any CPU.Build.0 = Debug|Any CPU
		{6F907217-B24F-4DC7-9AF2-E753BAFDFF1C}.Debug|ARM.ActiveCfg = Debug|Any CPU
		{6F907217-B24F-4DC7-9AF2-E753BAFDFF1C}.Debug|ARM.Build.0 = Debug|Any CPU
		{6F907217-B24F-4DC7-9AF2-E753BAFDFF1C}.Debug|ARM64.ActiveCfg = Debug|Any CPU
		{6F907217-B24F-4DC7-9AF2-E753BAFDFF1C}.Debug|ARM64.Build.0 = Debug|Any CPU
		{6F907217-B24F-4DC7-9AF2-E753BAFDFF1C}.Debug|x64.ActiveCfg = Debug|Any CPU
		{6F907217-B24F-4DC7-9AF2-E753BAFDFF1C}.Debug|x64.Build.0 = Debug|Any CPU
		{6F907217-B24F-4DC7-9AF2-E753BAFDFF1C}.Debug|x86.ActiveCfg = Debug|Any CPU
		{6F907217-B24F-4DC7-9AF2-E753BAFDFF1C}.Debug|x86.Build.0 = Debug|Any CPU
		{6F907217-B24F-4DC7-9AF2-E753BAFDFF1C}.Release|Any CPU.ActiveCfg = Release|Any CPU
		{6F907217-B24F-4DC7-9AF2-E753BAFDFF1C}.Release|Any CPU.Build.0 = Release|Any CPU
		{6F907217-B24F-4DC7-9AF2-E753BAFDFF1C}.Release|ARM.ActiveCfg = Release|Any CPU
		{6F907217-B24F-4DC7-9AF2-E753BAFDFF1C}.Release|ARM.Build.0 = Release|Any CPU
		{6F907217-B24F-4DC7-9AF2-E753BAFDFF1C}.Release|ARM64.ActiveCfg = Release|Any CPU
		{6F907217-B24F-4DC7-9AF2-E753BAFDFF1C}.Release|ARM64.Build.0 = Release|Any CPU
		{6F907217-B24F-4DC7-9AF2-E753BAFDFF1C}.Release|x64.ActiveCfg = Release|Any CPU
		{6F907217-B24F-4DC7-9AF2-E753BAFDFF1C}.Release|x64.Build.0 = Release|Any CPU
		{6F907217-B24F-4DC7-9AF2-E753BAFDFF1C}.Release|x86.ActiveCfg = Release|Any CPU
		{6F907217-B24F-4DC7-9AF2-E753BAFDFF1C}.Release|x86.Build.0 = Release|Any CPU
		{1E84FCD1-9805-40A7-9C4C-BB09DE01B82D}.Debug|Any CPU.ActiveCfg = Debug|Any CPU
		{1E84FCD1-9805-40A7-9C4C-BB09DE01B82D}.Debug|Any CPU.Build.0 = Debug|Any CPU
		{1E84FCD1-9805-40A7-9C4C-BB09DE01B82D}.Debug|ARM.ActiveCfg = Debug|Any CPU
		{1E84FCD1-9805-40A7-9C4C-BB09DE01B82D}.Debug|ARM.Build.0 = Debug|Any CPU
		{1E84FCD1-9805-40A7-9C4C-BB09DE01B82D}.Debug|ARM64.ActiveCfg = Debug|Any CPU
		{1E84FCD1-9805-40A7-9C4C-BB09DE01B82D}.Debug|ARM64.Build.0 = Debug|Any CPU
		{1E84FCD1-9805-40A7-9C4C-BB09DE01B82D}.Debug|x64.ActiveCfg = Debug|Any CPU
		{1E84FCD1-9805-40A7-9C4C-BB09DE01B82D}.Debug|x64.Build.0 = Debug|Any CPU
		{1E84FCD1-9805-40A7-9C4C-BB09DE01B82D}.Debug|x86.ActiveCfg = Debug|Any CPU
		{1E84FCD1-9805-40A7-9C4C-BB09DE01B82D}.Debug|x86.Build.0 = Debug|Any CPU
		{1E84FCD1-9805-40A7-9C4C-BB09DE01B82D}.Release|Any CPU.ActiveCfg = Release|Any CPU
		{1E84FCD1-9805-40A7-9C4C-BB09DE01B82D}.Release|Any CPU.Build.0 = Release|Any CPU
		{1E84FCD1-9805-40A7-9C4C-BB09DE01B82D}.Release|ARM.ActiveCfg = Release|Any CPU
		{1E84FCD1-9805-40A7-9C4C-BB09DE01B82D}.Release|ARM.Build.0 = Release|Any CPU
		{1E84FCD1-9805-40A7-9C4C-BB09DE01B82D}.Release|ARM64.ActiveCfg = Release|Any CPU
		{1E84FCD1-9805-40A7-9C4C-BB09DE01B82D}.Release|ARM64.Build.0 = Release|Any CPU
		{1E84FCD1-9805-40A7-9C4C-BB09DE01B82D}.Release|x64.ActiveCfg = Release|Any CPU
		{1E84FCD1-9805-40A7-9C4C-BB09DE01B82D}.Release|x64.Build.0 = Release|Any CPU
		{1E84FCD1-9805-40A7-9C4C-BB09DE01B82D}.Release|x86.ActiveCfg = Release|Any CPU
		{1E84FCD1-9805-40A7-9C4C-BB09DE01B82D}.Release|x86.Build.0 = Release|Any CPU
		{88709AEF-8C0B-4842-9DB1-1B08BCBF8CEA}.Debug|Any CPU.ActiveCfg = Debug|Any CPU
		{88709AEF-8C0B-4842-9DB1-1B08BCBF8CEA}.Debug|Any CPU.Build.0 = Debug|Any CPU
		{88709AEF-8C0B-4842-9DB1-1B08BCBF8CEA}.Debug|ARM.ActiveCfg = Debug|Any CPU
		{88709AEF-8C0B-4842-9DB1-1B08BCBF8CEA}.Debug|ARM.Build.0 = Debug|Any CPU
		{88709AEF-8C0B-4842-9DB1-1B08BCBF8CEA}.Debug|ARM64.ActiveCfg = Debug|Any CPU
		{88709AEF-8C0B-4842-9DB1-1B08BCBF8CEA}.Debug|ARM64.Build.0 = Debug|Any CPU
		{88709AEF-8C0B-4842-9DB1-1B08BCBF8CEA}.Debug|x64.ActiveCfg = Debug|Any CPU
		{88709AEF-8C0B-4842-9DB1-1B08BCBF8CEA}.Debug|x64.Build.0 = Debug|Any CPU
		{88709AEF-8C0B-4842-9DB1-1B08BCBF8CEA}.Debug|x86.ActiveCfg = Debug|Any CPU
		{88709AEF-8C0B-4842-9DB1-1B08BCBF8CEA}.Debug|x86.Build.0 = Debug|Any CPU
		{88709AEF-8C0B-4842-9DB1-1B08BCBF8CEA}.Release|Any CPU.ActiveCfg = Release|Any CPU
		{88709AEF-8C0B-4842-9DB1-1B08BCBF8CEA}.Release|Any CPU.Build.0 = Release|Any CPU
		{88709AEF-8C0B-4842-9DB1-1B08BCBF8CEA}.Release|ARM.ActiveCfg = Release|Any CPU
		{88709AEF-8C0B-4842-9DB1-1B08BCBF8CEA}.Release|ARM.Build.0 = Release|Any CPU
		{88709AEF-8C0B-4842-9DB1-1B08BCBF8CEA}.Release|ARM64.ActiveCfg = Release|Any CPU
		{88709AEF-8C0B-4842-9DB1-1B08BCBF8CEA}.Release|ARM64.Build.0 = Release|Any CPU
		{88709AEF-8C0B-4842-9DB1-1B08BCBF8CEA}.Release|x64.ActiveCfg = Release|Any CPU
		{88709AEF-8C0B-4842-9DB1-1B08BCBF8CEA}.Release|x64.Build.0 = Release|Any CPU
		{88709AEF-8C0B-4842-9DB1-1B08BCBF8CEA}.Release|x86.ActiveCfg = Release|Any CPU
		{88709AEF-8C0B-4842-9DB1-1B08BCBF8CEA}.Release|x86.Build.0 = Release|Any CPU
		{1500895B-ABF0-4BC8-9591-7C2C13FCD0B3}.Debug|Any CPU.ActiveCfg = Debug|Any CPU
		{1500895B-ABF0-4BC8-9591-7C2C13FCD0B3}.Debug|Any CPU.Build.0 = Debug|Any CPU
		{1500895B-ABF0-4BC8-9591-7C2C13FCD0B3}.Debug|ARM.ActiveCfg = Debug|Any CPU
		{1500895B-ABF0-4BC8-9591-7C2C13FCD0B3}.Debug|ARM.Build.0 = Debug|Any CPU
		{1500895B-ABF0-4BC8-9591-7C2C13FCD0B3}.Debug|ARM64.ActiveCfg = Debug|Any CPU
		{1500895B-ABF0-4BC8-9591-7C2C13FCD0B3}.Debug|ARM64.Build.0 = Debug|Any CPU
		{1500895B-ABF0-4BC8-9591-7C2C13FCD0B3}.Debug|x64.ActiveCfg = Debug|Any CPU
		{1500895B-ABF0-4BC8-9591-7C2C13FCD0B3}.Debug|x64.Build.0 = Debug|Any CPU
		{1500895B-ABF0-4BC8-9591-7C2C13FCD0B3}.Debug|x86.ActiveCfg = Debug|Any CPU
		{1500895B-ABF0-4BC8-9591-7C2C13FCD0B3}.Debug|x86.Build.0 = Debug|Any CPU
		{1500895B-ABF0-4BC8-9591-7C2C13FCD0B3}.Release|Any CPU.ActiveCfg = Release|Any CPU
		{1500895B-ABF0-4BC8-9591-7C2C13FCD0B3}.Release|Any CPU.Build.0 = Release|Any CPU
		{1500895B-ABF0-4BC8-9591-7C2C13FCD0B3}.Release|ARM.ActiveCfg = Release|Any CPU
		{1500895B-ABF0-4BC8-9591-7C2C13FCD0B3}.Release|ARM.Build.0 = Release|Any CPU
		{1500895B-ABF0-4BC8-9591-7C2C13FCD0B3}.Release|ARM64.ActiveCfg = Release|Any CPU
		{1500895B-ABF0-4BC8-9591-7C2C13FCD0B3}.Release|ARM64.Build.0 = Release|Any CPU
		{1500895B-ABF0-4BC8-9591-7C2C13FCD0B3}.Release|x64.ActiveCfg = Release|Any CPU
		{1500895B-ABF0-4BC8-9591-7C2C13FCD0B3}.Release|x64.Build.0 = Release|Any CPU
		{1500895B-ABF0-4BC8-9591-7C2C13FCD0B3}.Release|x86.ActiveCfg = Release|Any CPU
		{1500895B-ABF0-4BC8-9591-7C2C13FCD0B3}.Release|x86.Build.0 = Release|Any CPU
		{C78F4D9F-26D3-4DC8-BC2D-6FBCE27E649B}.Debug|Any CPU.ActiveCfg = Debug|Any CPU
		{C78F4D9F-26D3-4DC8-BC2D-6FBCE27E649B}.Debug|Any CPU.Build.0 = Debug|Any CPU
		{C78F4D9F-26D3-4DC8-BC2D-6FBCE27E649B}.Debug|ARM.ActiveCfg = Debug|Any CPU
		{C78F4D9F-26D3-4DC8-BC2D-6FBCE27E649B}.Debug|ARM.Build.0 = Debug|Any CPU
		{C78F4D9F-26D3-4DC8-BC2D-6FBCE27E649B}.Debug|ARM64.ActiveCfg = Debug|Any CPU
		{C78F4D9F-26D3-4DC8-BC2D-6FBCE27E649B}.Debug|ARM64.Build.0 = Debug|Any CPU
		{C78F4D9F-26D3-4DC8-BC2D-6FBCE27E649B}.Debug|x64.ActiveCfg = Debug|Any CPU
		{C78F4D9F-26D3-4DC8-BC2D-6FBCE27E649B}.Debug|x64.Build.0 = Debug|Any CPU
		{C78F4D9F-26D3-4DC8-BC2D-6FBCE27E649B}.Debug|x86.ActiveCfg = Debug|Any CPU
		{C78F4D9F-26D3-4DC8-BC2D-6FBCE27E649B}.Debug|x86.Build.0 = Debug|Any CPU
		{C78F4D9F-26D3-4DC8-BC2D-6FBCE27E649B}.Release|Any CPU.ActiveCfg = Release|Any CPU
		{C78F4D9F-26D3-4DC8-BC2D-6FBCE27E649B}.Release|Any CPU.Build.0 = Release|Any CPU
		{C78F4D9F-26D3-4DC8-BC2D-6FBCE27E649B}.Release|ARM.ActiveCfg = Release|Any CPU
		{C78F4D9F-26D3-4DC8-BC2D-6FBCE27E649B}.Release|ARM.Build.0 = Release|Any CPU
		{C78F4D9F-26D3-4DC8-BC2D-6FBCE27E649B}.Release|ARM64.ActiveCfg = Release|Any CPU
		{C78F4D9F-26D3-4DC8-BC2D-6FBCE27E649B}.Release|ARM64.Build.0 = Release|Any CPU
		{C78F4D9F-26D3-4DC8-BC2D-6FBCE27E649B}.Release|x64.ActiveCfg = Release|Any CPU
		{C78F4D9F-26D3-4DC8-BC2D-6FBCE27E649B}.Release|x64.Build.0 = Release|Any CPU
		{C78F4D9F-26D3-4DC8-BC2D-6FBCE27E649B}.Release|x86.ActiveCfg = Release|Any CPU
		{C78F4D9F-26D3-4DC8-BC2D-6FBCE27E649B}.Release|x86.Build.0 = Release|Any CPU
	EndGlobalSection
	GlobalSection(SolutionProperties) = preSolution
		HideSolutionNode = FALSE
	EndGlobalSection
	GlobalSection(NestedProjects) = preSolution
		{DF334ED2-C067-4CA7-8115-1699C75946EE} = {33F80209-0C57-4B77-A6C4-35478FB3D276}
		{5DDD6FB8-5D8B-41A2-BC64-7F5C65DFC0BD} = {33F80209-0C57-4B77-A6C4-35478FB3D276}
		{9B6E963B-5885-4711-9BD7-D42481E51700} = {33F80209-0C57-4B77-A6C4-35478FB3D276}
		{1F3DFCB8-8985-4E5B-9B50-686A2560247B} = {33F80209-0C57-4B77-A6C4-35478FB3D276}
		{8F554998-31E5-4906-AE1A-4FD1E0B5D2AE} = {33F80209-0C57-4B77-A6C4-35478FB3D276}
		{73B71DC4-DE14-4905-BB39-489C0CC6E011} = {33F80209-0C57-4B77-A6C4-35478FB3D276}
		{4D3913A9-AC27-46EE-915A-52DA27232B6A} = {33F80209-0C57-4B77-A6C4-35478FB3D276}
		{2CDE78FE-6E18-47AD-8AFD-012613731FD9} = {33F80209-0C57-4B77-A6C4-35478FB3D276}
		{CCAC3DF6-F419-4641-ABD2-600DD5DFFD0C} = {054EE3ED-911E-4B2F-A524-91CF9A3335F2}
		{9CC87CAD-B097-44A9-B8E4-EF830BC8C80A} = {47A845FD-3246-4D98-8162-13D94F0A3B03}
		{6F907217-B24F-4DC7-9AF2-E753BAFDFF1C} = {47A845FD-3246-4D98-8162-13D94F0A3B03}
		{1E84FCD1-9805-40A7-9C4C-BB09DE01B82D} = {47A845FD-3246-4D98-8162-13D94F0A3B03}
		{88709AEF-8C0B-4842-9DB1-1B08BCBF8CEA} = {47A845FD-3246-4D98-8162-13D94F0A3B03}
		{1500895B-ABF0-4BC8-9591-7C2C13FCD0B3} = {47A845FD-3246-4D98-8162-13D94F0A3B03}
		{C78F4D9F-26D3-4DC8-BC2D-6FBCE27E649B} = {47A845FD-3246-4D98-8162-13D94F0A3B03}
	EndGlobalSection
	GlobalSection(ExtensibilityGlobals) = postSolution
		SolutionGuid = {8BB9B783-806A-4D4F-B5E1-E6D8A64C7492}
	EndGlobalSection
EndGlobal
